
Microsoft Visual Studio Solution File, Format Version 12.00
# Visual Studio Version 17
VisualStudioVersion = 17.10.35027.167
MinimumVisualStudioVersion = 10.0.40219.1
Project("{9A19103F-16F7-4668-BE54-9A1E7A4F7556}") = "ChatUI", "ChatUI\ChatUI.csproj", "{E7B2B535-BF62-4EA7-964F-DAE30AEDBDE7}"
EndProject
Project("{9A19103F-16F7-4668-BE54-9A1E7A4F7556}") = "Toolkit.Mvvm", "Toolkit.Mvvm\Toolkit.Mvvm.csproj", "{337799B6-CB5A-4142-8A1B-B3BF5E4F1106}"
EndProject
Global
	GlobalSection(SolutionConfigurationPlatforms) = preSolution
		Debug|Any CPU = Debug|Any CPU
		Release|Any CPU = Release|Any CPU
	EndGlobalSection
	GlobalSection(ProjectConfigurationPlatforms) = postSolution
		{E7B2B535-BF62-4EA7-964F-DAE30AEDBDE7}.Debug|Any CPU.ActiveCfg = Debug|Any CPU
		{E7B2B535-BF62-4EA7-964F-DAE30AEDBDE7}.Debug|Any CPU.Build.0 = Debug|Any CPU
		{E7B2B535-BF62-4EA7-964F-DAE30AEDBDE7}.Release|Any CPU.ActiveCfg = Release|Any CPU
		{E7B2B535-BF62-4EA7-964F-DAE30AEDBDE7}.Release|Any CPU.Build.0 = Release|Any CPU
		{337799B6-CB5A-4142-8A1B-B3BF5E4F1106}.Debug|Any CPU.ActiveCfg = Debug|Any CPU
		{337799B6-CB5A-4142-8A1B-B3BF5E4F1106}.Debug|Any CPU.Build.0 = Debug|Any CPU
		{337799B6-CB5A-4142-8A1B-B3BF5E4F1106}.Release|Any CPU.ActiveCfg = Release|Any CPU
		{337799B6-CB5A-4142-8A1B-B3BF5E4F1106}.Release|Any CPU.Build.0 = Release|Any CPU
	EndGlobalSection
	GlobalSection(SolutionProperties) = preSolution
		HideSolutionNode = FALSE
	EndGlobalSection
	GlobalSection(ExtensibilityGlobals) = postSolution
		SolutionGuid = {0F9373FD-7F4D-4CD4-BC2A-23F19505B9D1}
	EndGlobalSection
EndGlobal
